
Microsoft Visual Studio Solution File, Format Version 12.00
# Visual Studio Version 17
VisualStudioVersion = 17.1.32228.430
MinimumVisualStudioVersion = 10.0.40219.1
Project("{8BC9CEB8-8B4A-11D0-8D11-00A0C91BC942}") = "Triangulation", "Triangulation\Triangulation.vcxproj", "{76C70D12-ADE4-4886-ADDB-E1418B5C76B5}"
EndProject
Global
	GlobalSection(SolutionConfigurationPlatforms) = preSolution
		Debug|x64 = Debug|x64
		Debug|x86 = Debug|x86
		Release|x64 = Release|x64
		Release|x86 = Release|x86
	EndGlobalSection
	GlobalSection(ProjectConfigurationPlatforms) = postSolution
		{76C70D12-ADE4-4886-ADDB-E1418B5C76B5}.Debug|x64.ActiveCfg = Debug|x64
		{76C70D12-ADE4-4886-ADDB-E1418B5C76B5}.Debug|x64.Build.0 = Debug|x64
		{76C70D12-ADE4-4886-ADDB-E1418B5C76B5}.Debug|x86.ActiveCfg = Debug|Win32
		{76C70D12-ADE4-4886-ADDB-E1418B5C76B5}.Debug|x86.Build.0 = Debug|Win32
		{76C70D12-ADE4-4886-ADDB-E1418B5C76B5}.Release|x64.ActiveCfg = Release|x64
		{76C70D12-ADE4-4886-ADDB-E1418B5C76B5}.Release|x64.Build.0 = Release|x64
		{76C70D12-ADE4-4886-ADDB-E1418B5C76B5}.Release|x86.ActiveCfg = Release|Win32
		{76C70D12-ADE4-4886-ADDB-E1418B5C76B5}.Release|x86.Build.0 = Release|Win32
	EndGlobalSection
	GlobalSection(SolutionProperties) = preSolution
		HideSolutionNode = FALSE
	EndGlobalSection
	GlobalSection(ExtensibilityGlobals) = postSolution
		SolutionGuid = {E22A7DF0-1E0F-47AD-99E9-3E0C4B7590F1}
	EndGlobalSection
EndGlobal
